// !$*UTF8*$!
{
	archiveVersion = 1;
	classes = {
	};
	objectVersion = 45;
	objects = {

/* Begin PBXBuildFile section */
		2A6CD00F260171EF00D865A1 /* font.c in Sources */ = {isa = PBXBuildFile; fileRef = 2A6CCFA9260171E900D865A1 /* font.c */; };
		2A6CD010260171EF00D865A1 /* scroller.c in Sources */ = {isa = PBXBuildFile; fileRef = 2A6CCFAA260171E900D865A1 /* scroller.c */; };
		2A6CD011260171EF00D865A1 /* keyboard.c in Sources */ = {isa = PBXBuildFile; fileRef = 2A6CCFAC260171E900D865A1 /* keyboard.c */; };
		2A6CD012260171EF00D865A1 /* jukebox.c in Sources */ = {isa = PBXBuildFile; fileRef = 2A6CCFAE260171E900D865A1 /* jukebox.c */; };
		2A6CD013260171EF00D865A1 /* picload.c in Sources */ = {isa = PBXBuildFile; fileRef = 2A6CCFB0260171E900D865A1 /* picload.c */; };
		2A6CD014260171EF00D865A1 /* mtrand.c in Sources */ = {isa = PBXBuildFile; fileRef = 2A6CCFB5260171E900D865A1 /* mtrand.c */; };
		2A6CD015260171EF00D865A1 /* sndmast.c in Sources */ = {isa = PBXBuildFile; fileRef = 2A6CCFB6260171E900D865A1 /* sndmast.c */; };
		2A6CD016260171EF00D865A1 /* episodes.c in Sources */ = {isa = PBXBuildFile; fileRef = 2A6CCFB7260171E900D865A1 /* episodes.c */; };
		2A6CD017260171EF00D865A1 /* game_menu.c in Sources */ = {isa = PBXBuildFile; fileRef = 2A6CCFB8260171E900D865A1 /* game_menu.c */; };
		2A6CD018260171EF00D865A1 /* std_support.c in Sources */ = {isa = PBXBuildFile; fileRef = 2A6CCFB9260171EA00D865A1 /* std_support.c */; };
		2A6CD019260171EF00D865A1 /* arg_parse.c in Sources */ = {isa = PBXBuildFile; fileRef = 2A6CCFBA260171EA00D865A1 /* arg_parse.c */; };
		2A6CD01A260171EF00D865A1 /* mouse.c in Sources */ = {isa = PBXBuildFile; fileRef = 2A6CCFBB260171EA00D865A1 /* mouse.c */; };
		2A6CD01B260171EF00D865A1 /* opentyr.c in Sources */ = {isa = PBXBuildFile; fileRef = 2A6CCFBC260171EA00D865A1 /* opentyr.c */; };
		2A6CD01C260171EF00D865A1 /* nortsong.c in Sources */ = {isa = PBXBuildFile; fileRef = 2A6CCFBD260171EA00D865A1 /* nortsong.c */; };
		2A6CD01D260171EF00D865A1 /* network.c in Sources */ = {isa = PBXBuildFile; fileRef = 2A6CCFC0260171EA00D865A1 /* network.c */; };
		2A6CD01E260171EF00D865A1 /* opl.c in Sources */ = {isa = PBXBuildFile; fileRef = 2A6CCFC2260171EA00D865A1 /* opl.c */; };
		2A6CD01F260171EF00D865A1 /* config_file.c in Sources */ = {isa = PBXBuildFile; fileRef = 2A6CCFC3260171EA00D865A1 /* config_file.c */; };
		2A6CD020260171EF00D865A1 /* video.c in Sources */ = {isa = PBXBuildFile; fileRef = 2A6CCFC5260171EA00D865A1 /* video.c */; };
		2A6CD021260171EF00D865A1 /* editship.c in Sources */ = {isa = PBXBuildFile; fileRef = 2A6CCFC7260171EA00D865A1 /* editship.c */; };
		2A6CD022260171EF00D865A1 /* params.c in Sources */ = {isa = PBXBuildFile; fileRef = 2A6CCFC8260171EA00D865A1 /* params.c */; };
		2A6CD023260171EF00D865A1 /* setup.c in Sources */ = {isa = PBXBuildFile; fileRef = 2A6CCFCA260171EA00D865A1 /* setup.c */; };
		2A6CD024260171EF00D865A1 /* animlib.c in Sources */ = {isa = PBXBuildFile; fileRef = 2A6CCFCB260171EA00D865A1 /* animlib.c */; };
		2A6CD025260171EF00D865A1 /* menus.c in Sources */ = {isa = PBXBuildFile; fileRef = 2A6CCFCC260171EA00D865A1 /* menus.c */; };
		2A6CD026260171EF00D865A1 /* backgrnd.c in Sources */ = {isa = PBXBuildFile; fileRef = 2A6CCFD4260171EB00D865A1 /* backgrnd.c */; };
		2A6CD027260171EF00D865A1 /* mainint.c in Sources */ = {isa = PBXBuildFile; fileRef = 2A6CCFD9260171EB00D865A1 /* mainint.c */; };
		2A6CD028260171EF00D865A1 /* nortvars.c in Sources */ = {isa = PBXBuildFile; fileRef = 2A6CCFDA260171EB00D865A1 /* nortvars.c */; };
		2A6CD029260171EF00D865A1 /* starlib.c in Sources */ = {isa = PBXBuildFile; fileRef = 2A6CCFDB260171EB00D865A1 /* starlib.c */; };
		2A6CD02A260171EF00D865A1 /* sizebuf.c in Sources */ = {isa = PBXBuildFile; fileRef = 2A6CCFDC260171EB00D865A1 /* sizebuf.c */; };
		2A6CD02B260171EF00D865A1 /* pcxload.c in Sources */ = {isa = PBXBuildFile; fileRef = 2A6CCFDD260171EC00D865A1 /* pcxload.c */; };
		2A6CD02C260171EF00D865A1 /* loudness.c in Sources */ = {isa = PBXBuildFile; fileRef = 2A6CCFE0260171EC00D865A1 /* loudness.c */; };
		2A6CD02D260171EF00D865A1 /* palette.c in Sources */ = {isa = PBXBuildFile; fileRef = 2A6CCFE4260171EC00D865A1 /* palette.c */; };
		2A6CD02E260171EF00D865A1 /* vga256d.c in Sources */ = {isa = PBXBuildFile; fileRef = 2A6CCFE7260171EC00D865A1 /* vga256d.c */; };
		2A6CD02F260171EF00D865A1 /* video_scale_hqNx.c in Sources */ = {isa = PBXBuildFile; fileRef = 2A6CCFE8260171EC00D865A1 /* video_scale_hqNx.c */; };
		2A6CD030260171EF00D865A1 /* lds_play.c in Sources */ = {isa = PBXBuildFile; fileRef = 2A6CCFEA260171EE00D865A1 /* lds_play.c */; };
		2A6CD031260171EF00D865A1 /* video_scale.c in Sources */ = {isa = PBXBuildFile; fileRef = 2A6CCFEE260171EE00D865A1 /* video_scale.c */; };
		2A6CD032260171EF00D865A1 /* joystick.c in Sources */ = {isa = PBXBuildFile; fileRef = 2A6CCFEF260171EE00D865A1 /* joystick.c */; };
		2A6CD033260171EF00D865A1 /* vga_palette.c in Sources */ = {isa = PBXBuildFile; fileRef = 2A6CCFF0260171EE00D865A1 /* vga_palette.c */; };
		2A6CD034260171EF00D865A1 /* tyrian2.c in Sources */ = {isa = PBXBuildFile; fileRef = 2A6CCFF3260171EF00D865A1 /* tyrian2.c */; };
		2A6CD035260171EF00D865A1 /* lvlmast.c in Sources */ = {isa = PBXBuildFile; fileRef = 2A6CCFF4260171EF00D865A1 /* lvlmast.c */; };
		2A6CD036260171EF00D865A1 /* shots.c in Sources */ = {isa = PBXBuildFile; fileRef = 2A6CCFF8260171EF00D865A1 /* shots.c */; };
		2A6CD037260171EF00D865A1 /* player.c in Sources */ = {isa = PBXBuildFile; fileRef = 2A6CCFF9260171EF00D865A1 /* player.c */; };
		2A6CD038260171EF00D865A1 /* helptext.c in Sources */ = {isa = PBXBuildFile; fileRef = 2A6CCFFB260171EF00D865A1 /* helptext.c */; };
		2A6CD039260171EF00D865A1 /* lvllib.c in Sources */ = {isa = PBXBuildFile; fileRef = 2A6CCFFC260171EF00D865A1 /* lvllib.c */; };
		2A6CD03A260171EF00D865A1 /* musmast.c in Sources */ = {isa = PBXBuildFile; fileRef = 2A6CCFFD260171EF00D865A1 /* musmast.c */; };
		2A6CD03C260171EF00D865A1 /* xmas.c in Sources */ = {isa = PBXBuildFile; fileRef = 2A6CD001260171EF00D865A1 /* xmas.c */; };
		2A6CD03D260171EF00D865A1 /* pcxmast.c in Sources */ = {isa = PBXBuildFile; fileRef = 2A6CD004260171EF00D865A1 /* pcxmast.c */; };
		2A6CD03E260171EF00D865A1 /* file.c in Sources */ = {isa = PBXBuildFile; fileRef = 2A6CD005260171EF00D865A1 /* file.c */; };
		2A6CD03F260171EF00D865A1 /* destruct.c in Sources */ = {isa = PBXBuildFile; fileRef = 2A6CD006260171EF00D865A1 /* destruct.c */; };
		2A6CD040260171EF00D865A1 /* sprite.c in Sources */ = {isa = PBXBuildFile; fileRef = 2A6CD007260171EF00D865A1 /* sprite.c */; };
		2A6CD041260171EF00D865A1 /* varz.c in Sources */ = {isa = PBXBuildFile; fileRef = 2A6CD009260171EF00D865A1 /* varz.c */; };
		2A6CD042260171EF00D865A1 /* fonthand.c in Sources */ = {isa = PBXBuildFile; fileRef = 2A6CD00E260171EF00D865A1 /* fonthand.c */; };
		2A6CD0452601742500D865A1 /* config.c in Sources */ = {isa = PBXBuildFile; fileRef = 2A6CD0442601742500D865A1 /* config.c */; };
		2ACC77A226017E3A0084EF71 /* SDL2.framework in Frameworks */ = {isa = PBXBuildFile; fileRef = 2A6CCF0726016D4C00D865A1 /* SDL2.framework */; };
		2ACC77A326017E3A0084EF71 /* SDL2.framework in CopyFiles */ = {isa = PBXBuildFile; fileRef = 2A6CCF0726016D4C00D865A1 /* SDL2.framework */; settings = {ATTRIBUTES = (RemoveHeadersOnCopy, ); }; };
		2ACC77A426017E3C0084EF71 /* SDL2_net.framework in Frameworks */ = {isa = PBXBuildFile; fileRef = 2A6CCF0626016D4B00D865A1 /* SDL2_net.framework */; };
		2ACC77A526017E3C0084EF71 /* SDL2_net.framework in CopyFiles */ = {isa = PBXBuildFile; fileRef = 2A6CCF0626016D4B00D865A1 /* SDL2_net.framework */; settings = {ATTRIBUTES = (RemoveHeadersOnCopy, ); }; };
		2ACC77A926017FE50084EF71 /* Images.xcassets in Resources */ = {isa = PBXBuildFile; fileRef = 2ACC77A826017FE50084EF71 /* Images.xcassets */; };
		2ACC77AB260180980084EF71 /* data in Resources */ = {isa = PBXBuildFile; fileRef = 2ACC77AA260180980084EF71 /* data */; };
		8D11072F0486CEB800E47090 /* Cocoa.framework in Frameworks */ = {isa = PBXBuildFile; fileRef = 1058C7A1FEA54F0111CA2CBB /* Cocoa.framework */; };
		A48DFB580CD6C27C0026AE59 /* MainMenu.nib in Resources */ = {isa = PBXBuildFile; fileRef = A4CBD5C90CBB687900048D9F /* MainMenu.nib */; };
		A4EDD15D0CBB6FFB008AEAEB /* tyrian.icns in Resources */ = {isa = PBXBuildFile; fileRef = A4EDD15C0CBB6FFB008AEAEB /* tyrian.icns */; };
/* End PBXBuildFile section */

/* Begin PBXCopyFilesBuildPhase section */
		435DAAF90E14146300711E27 /* CopyFiles */ = {
			isa = PBXCopyFilesBuildPhase;
			buildActionMask = 2147483647;
			dstPath = "";
			dstSubfolderSpec = 10;
			files = (
				2ACC77A326017E3A0084EF71 /* SDL2.framework in CopyFiles */,
				2ACC77A526017E3C0084EF71 /* SDL2_net.framework in CopyFiles */,
			);
			runOnlyForDeploymentPostprocessing = 0;
		};
/* End PBXCopyFilesBuildPhase section */

/* Begin PBXFileReference section */
		1058C7A1FEA54F0111CA2CBB /* Cocoa.framework */ = {isa = PBXFileReference; lastKnownFileType = wrapper.framework; name = Cocoa.framework; path = /System/Library/Frameworks/Cocoa.framework; sourceTree = "<absolute>"; };
		13E42FB307B3F0F600E4EEF1 /* CoreData.framework */ = {isa = PBXFileReference; lastKnownFileType = wrapper.framework; name = CoreData.framework; path = /System/Library/Frameworks/CoreData.framework; sourceTree = "<absolute>"; };
		29B97324FDCFA39411CA2CEA /* AppKit.framework */ = {isa = PBXFileReference; lastKnownFileType = wrapper.framework; name = AppKit.framework; path = /System/Library/Frameworks/AppKit.framework; sourceTree = "<absolute>"; };
		29B97325FDCFA39411CA2CEA /* Foundation.framework */ = {isa = PBXFileReference; lastKnownFileType = wrapper.framework; name = Foundation.framework; path = /System/Library/Frameworks/Foundation.framework; sourceTree = "<absolute>"; };
		2A6CCF0626016D4B00D865A1 /* SDL2_net.framework */ = {isa = PBXFileReference; lastKnownFileType = wrapper.framework; name = SDL2_net.framework; path = ../../../../../Library/Frameworks/SDL2_net.framework; sourceTree = "<group>"; };
		2A6CCF0726016D4C00D865A1 /* SDL2.framework */ = {isa = PBXFileReference; lastKnownFileType = wrapper.framework; name = SDL2.framework; path = ../../../../../Library/Frameworks/SDL2.framework; sourceTree = "<group>"; };
		2A6CCFA72601708900D865A1 /* en */ = {isa = PBXFileReference; lastKnownFileType = wrapper.nib; name = en; path = en.lproj/MainMenu.nib; sourceTree = "<group>"; };
		2A6CCFA8260171E900D865A1 /* episodes.h */ = {isa = PBXFileReference; fileEncoding = 4; lastKnownFileType = sourcecode.c.h; name = episodes.h; path = "opentyrian-2.1.20130907/src/episodes.h"; sourceTree = "<group>"; };
		2A6CCFA9260171E900D865A1 /* font.c */ = {isa = PBXFileReference; fileEncoding = 4; lastKnownFileType = sourcecode.c.c; name = font.c; path = "opentyrian-2.1.20130907/src/font.c"; sourceTree = "<group>"; };
		2A6CCFAA260171E900D865A1 /* scroller.c */ = {isa = PBXFileReference; fileEncoding = 4; lastKnownFileType = sourcecode.c.c; name = scroller.c; path = "opentyrian-2.1.20130907/src/scroller.c"; sourceTree = "<group>"; };
		2A6CCFAB260171E900D865A1 /* starlib.h */ = {isa = PBXFileReference; fileEncoding = 4; lastKnownFileType = sourcecode.c.h; name = starlib.h; path = "opentyrian-2.1.20130907/src/starlib.h"; sourceTree = "<group>"; };
		2A6CCFAC260171E900D865A1 /* keyboard.c */ = {isa = PBXFileReference; fileEncoding = 4; lastKnownFileType = sourcecode.c.c; name = keyboard.c; path = "opentyrian-2.1.20130907/src/keyboard.c"; sourceTree = "<group>"; };
		2A6CCFAD260171E900D865A1 /* sizebuf.h */ = {isa = PBXFileReference; fileEncoding = 4; lastKnownFileType = sourcecode.c.h; name = sizebuf.h; path = "opentyrian-2.1.20130907/src/sizebuf.h"; sourceTree = "<group>"; };
		2A6CCFAE260171E900D865A1 /* jukebox.c */ = {isa = PBXFileReference; fileEncoding = 4; lastKnownFileType = sourcecode.c.c; name = jukebox.c; path = "opentyrian-2.1.20130907/src/jukebox.c"; sourceTree = "<group>"; };
		2A6CCFAF260171E900D865A1 /* opentyr.h */ = {isa = PBXFileReference; fileEncoding = 4; lastKnownFileType = sourcecode.c.h; name = opentyr.h; path = "opentyrian-2.1.20130907/src/opentyr.h"; sourceTree = "<group>"; };
		2A6CCFB0260171E900D865A1 /* picload.c */ = {isa = PBXFileReference; fileEncoding = 4; lastKnownFileType = sourcecode.c.c; name = picload.c; path = "opentyrian-2.1.20130907/src/picload.c"; sourceTree = "<group>"; };
		2A6CCFB1260171E900D865A1 /* vga_palette.h */ = {isa = PBXFileReference; fileEncoding = 4; lastKnownFileType = sourcecode.c.h; name = vga_palette.h; path = "opentyrian-2.1.20130907/src/vga_palette.h"; sourceTree = "<group>"; };
		2A6CCFB2260171E900D865A1 /* std_support.h */ = {isa = PBXFileReference; fileEncoding = 4; lastKnownFileType = sourcecode.c.h; name = std_support.h; path = "opentyrian-2.1.20130907/src/std_support.h"; sourceTree = "<group>"; };
		2A6CCFB3260171E900D865A1 /* scroller.h */ = {isa = PBXFileReference; fileEncoding = 4; lastKnownFileType = sourcecode.c.h; name = scroller.h; path = "opentyrian-2.1.20130907/src/scroller.h"; sourceTree = "<group>"; };
		2A6CCFB4260171E900D865A1 /* picload.h */ = {isa = PBXFileReference; fileEncoding = 4; lastKnownFileType = sourcecode.c.h; name = picload.h; path = "opentyrian-2.1.20130907/src/picload.h"; sourceTree = "<group>"; };
		2A6CCFB5260171E900D865A1 /* mtrand.c */ = {isa = PBXFileReference; fileEncoding = 4; lastKnownFileType = sourcecode.c.c; name = mtrand.c; path = "opentyrian-2.1.20130907/src/mtrand.c"; sourceTree = "<group>"; };
		2A6CCFB6260171E900D865A1 /* sndmast.c */ = {isa = PBXFileReference; fileEncoding = 4; lastKnownFileType = sourcecode.c.c; name = sndmast.c; path = "opentyrian-2.1.20130907/src/sndmast.c"; sourceTree = "<group>"; };
		2A6CCFB7260171E900D865A1 /* episodes.c */ = {isa = PBXFileReference; fileEncoding = 4; lastKnownFileType = sourcecode.c.c; name = episodes.c; path = "opentyrian-2.1.20130907/src/episodes.c"; sourceTree = "<group>"; };
		2A6CCFB8260171E900D865A1 /* game_menu.c */ = {isa = PBXFileReference; fileEncoding = 4; lastKnownFileType = sourcecode.c.c; name = game_menu.c; path = "opentyrian-2.1.20130907/src/game_menu.c"; sourceTree = "<group>"; };
		2A6CCFB9260171EA00D865A1 /* std_support.c */ = {isa = PBXFileReference; fileEncoding = 4; lastKnownFileType = sourcecode.c.c; name = std_support.c; path = "opentyrian-2.1.20130907/src/std_support.c"; sourceTree = "<group>"; };
		2A6CCFBA260171EA00D865A1 /* arg_parse.c */ = {isa = PBXFileReference; fileEncoding = 4; lastKnownFileType = sourcecode.c.c; name = arg_parse.c; path = "opentyrian-2.1.20130907/src/arg_parse.c"; sourceTree = "<group>"; };
		2A6CCFBB260171EA00D865A1 /* mouse.c */ = {isa = PBXFileReference; fileEncoding = 4; lastKnownFileType = sourcecode.c.c; name = mouse.c; path = "opentyrian-2.1.20130907/src/mouse.c"; sourceTree = "<group>"; };
		2A6CCFBC260171EA00D865A1 /* opentyr.c */ = {isa = PBXFileReference; fileEncoding = 4; lastKnownFileType = sourcecode.c.c; name = opentyr.c; path = "opentyrian-2.1.20130907/src/opentyr.c"; sourceTree = "<group>"; };
		2A6CCFBD260171EA00D865A1 /* nortsong.c */ = {isa = PBXFileReference; fileEncoding = 4; lastKnownFileType = sourcecode.c.c; name = nortsong.c; path = "opentyrian-2.1.20130907/src/nortsong.c"; sourceTree = "<group>"; };
		2A6CCFBE260171EA00D865A1 /* player.h */ = {isa = PBXFileReference; fileEncoding = 4; lastKnownFileType = sourcecode.c.h; name = player.h; path = "opentyrian-2.1.20130907/src/player.h"; sourceTree = "<group>"; };
		2A6CCFBF260171EA00D865A1 /* game_menu.h */ = {isa = PBXFileReference; fileEncoding = 4; lastKnownFileType = sourcecode.c.h; name = game_menu.h; path = "opentyrian-2.1.20130907/src/game_menu.h"; sourceTree = "<group>"; };
		2A6CCFC0260171EA00D865A1 /* network.c */ = {isa = PBXFileReference; fileEncoding = 4; lastKnownFileType = sourcecode.c.c; name = network.c; path = "opentyrian-2.1.20130907/src/network.c"; sourceTree = "<group>"; };
		2A6CCFC1260171EA00D865A1 /* sndmast.h */ = {isa = PBXFileReference; fileEncoding = 4; lastKnownFileType = sourcecode.c.h; name = sndmast.h; path = "opentyrian-2.1.20130907/src/sndmast.h"; sourceTree = "<group>"; };
		2A6CCFC2260171EA00D865A1 /* opl.c */ = {isa = PBXFileReference; fileEncoding = 4; lastKnownFileType = sourcecode.c.c; name = opl.c; path = "opentyrian-2.1.20130907/src/opl.c"; sourceTree = "<group>"; };
		2A6CCFC3260171EA00D865A1 /* config_file.c */ = {isa = PBXFileReference; fileEncoding = 4; lastKnownFileType = sourcecode.c.c; name = config_file.c; path = "opentyrian-2.1.20130907/src/config_file.c"; sourceTree = "<group>"; };
		2A6CCFC4260171EA00D865A1 /* arg_parse.h */ = {isa = PBXFileReference; fileEncoding = 4; lastKnownFileType = sourcecode.c.h; name = arg_parse.h; path = "opentyrian-2.1.20130907/src/arg_parse.h"; sourceTree = "<group>"; };
		2A6CCFC5260171EA00D865A1 /* video.c */ = {isa = PBXFileReference; fileEncoding = 4; lastKnownFileType = sourcecode.c.c; name = video.c; path = "opentyrian-2.1.20130907/src/video.c"; sourceTree = "<group>"; };
		2A6CCFC6260171EA00D865A1 /* setup.h */ = {isa = PBXFileReference; fileEncoding = 4; lastKnownFileType = sourcecode.c.h; name = setup.h; path = "opentyrian-2.1.20130907/src/setup.h"; sourceTree = "<group>"; };
		2A6CCFC7260171EA00D865A1 /* editship.c */ = {isa = PBXFileReference; fileEncoding = 4; lastKnownFileType = sourcecode.c.c; name = editship.c; path = "opentyrian-2.1.20130907/src/editship.c"; sourceTree = "<group>"; };
		2A6CCFC8260171EA00D865A1 /* params.c */ = {isa = PBXFileReference; fileEncoding = 4; lastKnownFileType = sourcecode.c.c; name = params.c; path = "opentyrian-2.1.20130907/src/params.c"; sourceTree = "<group>"; };
		2A6CCFC9260171EA00D865A1 /* shots.h */ = {isa = PBXFileReference; fileEncoding = 4; lastKnownFileType = sourcecode.c.h; name = shots.h; path = "opentyrian-2.1.20130907/src/shots.h"; sourceTree = "<group>"; };
		2A6CCFCA260171EA00D865A1 /* setup.c */ = {isa = PBXFileReference; fileEncoding = 4; lastKnownFileType = sourcecode.c.c; name = setup.c; path = "opentyrian-2.1.20130907/src/setup.c"; sourceTree = "<group>"; };
		2A6CCFCB260171EA00D865A1 /* animlib.c */ = {isa = PBXFileReference; fileEncoding = 4; lastKnownFileType = sourcecode.c.c; name = animlib.c; path = "opentyrian-2.1.20130907/src/animlib.c"; sourceTree = "<group>"; };
		2A6CCFCC260171EA00D865A1 /* menus.c */ = {isa = PBXFileReference; fileEncoding = 4; lastKnownFileType = sourcecode.c.c; name = menus.c; path = "opentyrian-2.1.20130907/src/menus.c"; sourceTree = "<group>"; };
		2A6CCFCD260171EB00D865A1 /* mouse.h */ = {isa = PBXFileReference; fileEncoding = 4; lastKnownFileType = sourcecode.c.h; name = mouse.h; path = "opentyrian-2.1.20130907/src/mouse.h"; sourceTree = "<group>"; };
		2A6CCFCE260171EB00D865A1 /* mainint.h */ = {isa = PBXFileReference; fileEncoding = 4; lastKnownFileType = sourcecode.c.h; name = mainint.h; path = "opentyrian-2.1.20130907/src/mainint.h"; sourceTree = "<group>"; };
		2A6CCFCF260171EB00D865A1 /* nortsong.h */ = {isa = PBXFileReference; fileEncoding = 4; lastKnownFileType = sourcecode.c.h; name = nortsong.h; path = "opentyrian-2.1.20130907/src/nortsong.h"; sourceTree = "<group>"; };
		2A6CCFD0260171EB00D865A1 /* keyboard.h */ = {isa = PBXFileReference; fileEncoding = 4; lastKnownFileType = sourcecode.c.h; name = keyboard.h; path = "opentyrian-2.1.20130907/src/keyboard.h"; sourceTree = "<group>"; };
		2A6CCFD1260171EB00D865A1 /* menus.h */ = {isa = PBXFileReference; fileEncoding = 4; lastKnownFileType = sourcecode.c.h; name = menus.h; path = "opentyrian-2.1.20130907/src/menus.h"; sourceTree = "<group>"; };
		2A6CCFD2260171EB00D865A1 /* backgrnd.h */ = {isa = PBXFileReference; fileEncoding = 4; lastKnownFileType = sourcecode.c.h; name = backgrnd.h; path = "opentyrian-2.1.20130907/src/backgrnd.h"; sourceTree = "<group>"; };
		2A6CCFD3260171EB00D865A1 /* vga256d.h */ = {isa = PBXFileReference; fileEncoding = 4; lastKnownFileType = sourcecode.c.h; name = vga256d.h; path = "opentyrian-2.1.20130907/src/vga256d.h"; sourceTree = "<group>"; };
		2A6CCFD4260171EB00D865A1 /* backgrnd.c */ = {isa = PBXFileReference; fileEncoding = 4; lastKnownFileType = sourcecode.c.c; name = backgrnd.c; path = "opentyrian-2.1.20130907/src/backgrnd.c"; sourceTree = "<group>"; };
		2A6CCFD5260171EB00D865A1 /* editship.h */ = {isa = PBXFileReference; fileEncoding = 4; lastKnownFileType = sourcecode.c.h; name = editship.h; path = "opentyrian-2.1.20130907/src/editship.h"; sourceTree = "<group>"; };
		2A6CCFD6260171EB00D865A1 /* jukebox.h */ = {isa = PBXFileReference; fileEncoding = 4; lastKnownFileType = sourcecode.c.h; name = jukebox.h; path = "opentyrian-2.1.20130907/src/jukebox.h"; sourceTree = "<group>"; };
		2A6CCFD7260171EB00D865A1 /* loudness.h */ = {isa = PBXFileReference; fileEncoding = 4; lastKnownFileType = sourcecode.c.h; name = loudness.h; path = "opentyrian-2.1.20130907/src/loudness.h"; sourceTree = "<group>"; };
		2A6CCFD8260171EB00D865A1 /* nortvars.h */ = {isa = PBXFileReference; fileEncoding = 4; lastKnownFileType = sourcecode.c.h; name = nortvars.h; path = "opentyrian-2.1.20130907/src/nortvars.h"; sourceTree = "<group>"; };
		2A6CCFD9260171EB00D865A1 /* mainint.c */ = {isa = PBXFileReference; fileEncoding = 4; lastKnownFileType = sourcecode.c.c; name = mainint.c; path = "opentyrian-2.1.20130907/src/mainint.c"; sourceTree = "<group>"; };
		2A6CCFDA260171EB00D865A1 /* nortvars.c */ = {isa = PBXFileReference; fileEncoding = 4; lastKnownFileType = sourcecode.c.c; name = nortvars.c; path = "opentyrian-2.1.20130907/src/nortvars.c"; sourceTree = "<group>"; };
		2A6CCFDB260171EB00D865A1 /* starlib.c */ = {isa = PBXFileReference; fileEncoding = 4; lastKnownFileType = sourcecode.c.c; name = starlib.c; path = "opentyrian-2.1.20130907/src/starlib.c"; sourceTree = "<group>"; };
		2A6CCFDC260171EB00D865A1 /* sizebuf.c */ = {isa = PBXFileReference; fileEncoding = 4; lastKnownFileType = sourcecode.c.c; name = sizebuf.c; path = "opentyrian-2.1.20130907/src/sizebuf.c"; sourceTree = "<group>"; };
		2A6CCFDD260171EC00D865A1 /* pcxload.c */ = {isa = PBXFileReference; fileEncoding = 4; lastKnownFileType = sourcecode.c.c; name = pcxload.c; path = "opentyrian-2.1.20130907/src/pcxload.c"; sourceTree = "<group>"; };
		2A6CCFDE260171EC00D865A1 /* file.h */ = {isa = PBXFileReference; fileEncoding = 4; lastKnownFileType = sourcecode.c.h; name = file.h; path = "opentyrian-2.1.20130907/src/file.h"; sourceTree = "<group>"; };
		2A6CCFDF260171EC00D865A1 /* fonthand.h */ = {isa = PBXFileReference; fileEncoding = 4; lastKnownFileType = sourcecode.c.h; name = fonthand.h; path = "opentyrian-2.1.20130907/src/fonthand.h"; sourceTree = "<group>"; };
		2A6CCFE0260171EC00D865A1 /* loudness.c */ = {isa = PBXFileReference; fileEncoding = 4; lastKnownFileType = sourcecode.c.c; name = loudness.c; path = "opentyrian-2.1.20130907/src/loudness.c"; sourceTree = "<group>"; };
		2A6CCFE1260171EC00D865A1 /* pcxload.h */ = {isa = PBXFileReference; fileEncoding = 4; lastKnownFileType = sourcecode.c.h; name = pcxload.h; path = "opentyrian-2.1.20130907/src/pcxload.h"; sourceTree = "<group>"; };
		2A6CCFE2260171EC00D865A1 /* pcxmast.h */ = {isa = PBXFileReference; fileEncoding = 4; lastKnownFileType = sourcecode.c.h; name = pcxmast.h; path = "opentyrian-2.1.20130907/src/pcxmast.h"; sourceTree = "<group>"; };
		2A6CCFE3260171EC00D865A1 /* musmast.h */ = {isa = PBXFileReference; fileEncoding = 4; lastKnownFileType = sourcecode.c.h; name = musmast.h; path = "opentyrian-2.1.20130907/src/musmast.h"; sourceTree = "<group>"; };
		2A6CCFE4260171EC00D865A1 /* palette.c */ = {isa = PBXFileReference; fileEncoding = 4; lastKnownFileType = sourcecode.c.c; name = palette.c; path = "opentyrian-2.1.20130907/src/palette.c"; sourceTree = "<group>"; };
		2A6CCFE5260171EC00D865A1 /* tyrian2.h */ = {isa = PBXFileReference; fileEncoding = 4; lastKnownFileType = sourcecode.c.h; name = tyrian2.h; path = "opentyrian-2.1.20130907/src/tyrian2.h"; sourceTree = "<group>"; };
		2A6CCFE6260171EC00D865A1 /* video.h */ = {isa = PBXFileReference; fileEncoding = 4; lastKnownFileType = sourcecode.c.h; name = video.h; path = "opentyrian-2.1.20130907/src/video.h"; sourceTree = "<group>"; };
		2A6CCFE7260171EC00D865A1 /* vga256d.c */ = {isa = PBXFileReference; fileEncoding = 4; lastKnownFileType = sourcecode.c.c; name = vga256d.c; path = "opentyrian-2.1.20130907/src/vga256d.c"; sourceTree = "<group>"; };
		2A6CCFE8260171EC00D865A1 /* video_scale_hqNx.c */ = {isa = PBXFileReference; fileEncoding = 4; lastKnownFileType = sourcecode.c.c; name = video_scale_hqNx.c; path = "opentyrian-2.1.20130907/src/video_scale_hqNx.c"; sourceTree = "<group>"; };
		2A6CCFE9260171EC00D865A1 /* xmas.h */ = {isa = PBXFileReference; fileEncoding = 4; lastKnownFileType = sourcecode.c.h; name = xmas.h; path = "opentyrian-2.1.20130907/src/xmas.h"; sourceTree = "<group>"; };
		2A6CCFEA260171EE00D865A1 /* lds_play.c */ = {isa = PBXFileReference; fileEncoding = 4; lastKnownFileType = sourcecode.c.c; name = lds_play.c; path = "opentyrian-2.1.20130907/src/lds_play.c"; sourceTree = "<group>"; };
		2A6CCFEB260171EE00D865A1 /* palette.h */ = {isa = PBXFileReference; fileEncoding = 4; lastKnownFileType = sourcecode.c.h; name = palette.h; path = "opentyrian-2.1.20130907/src/palette.h"; sourceTree = "<group>"; };
		2A6CCFEC260171EE00D865A1 /* lds_play.h */ = {isa = PBXFileReference; fileEncoding = 4; lastKnownFileType = sourcecode.c.h; name = lds_play.h; path = "opentyrian-2.1.20130907/src/lds_play.h"; sourceTree = "<group>"; };
		2A6CCFED260171EE00D865A1 /* config_file.h */ = {isa = PBXFileReference; fileEncoding = 4; lastKnownFileType = sourcecode.c.h; name = config_file.h; path = "opentyrian-2.1.20130907/src/config_file.h"; sourceTree = "<group>"; };
		2A6CCFEE260171EE00D865A1 /* video_scale.c */ = {isa = PBXFileReference; fileEncoding = 4; lastKnownFileType = sourcecode.c.c; name = video_scale.c; path = "opentyrian-2.1.20130907/src/video_scale.c"; sourceTree = "<group>"; };
		2A6CCFEF260171EE00D865A1 /* joystick.c */ = {isa = PBXFileReference; fileEncoding = 4; lastKnownFileType = sourcecode.c.c; name = joystick.c; path = "opentyrian-2.1.20130907/src/joystick.c"; sourceTree = "<group>"; };
		2A6CCFF0260171EE00D865A1 /* vga_palette.c */ = {isa = PBXFileReference; fileEncoding = 4; lastKnownFileType = sourcecode.c.c; name = vga_palette.c; path = "opentyrian-2.1.20130907/src/vga_palette.c"; sourceTree = "<group>"; };
		2A6CCFF1260171EE00D865A1 /* params.h */ = {isa = PBXFileReference; fileEncoding = 4; lastKnownFileType = sourcecode.c.h; name = params.h; path = "opentyrian-2.1.20130907/src/params.h"; sourceTree = "<group>"; };
		2A6CCFF2260171EE00D865A1 /* opl.h */ = {isa = PBXFileReference; fileEncoding = 4; lastKnownFileType = sourcecode.c.h; name = opl.h; path = "opentyrian-2.1.20130907/src/opl.h"; sourceTree = "<group>"; };
		2A6CCFF3260171EF00D865A1 /* tyrian2.c */ = {isa = PBXFileReference; fileEncoding = 4; lastKnownFileType = sourcecode.c.c; name = tyrian2.c; path = "opentyrian-2.1.20130907/src/tyrian2.c"; sourceTree = "<group>"; };
		2A6CCFF4260171EF00D865A1 /* lvlmast.c */ = {isa = PBXFileReference; fileEncoding = 4; lastKnownFileType = sourcecode.c.c; name = lvlmast.c; path = "opentyrian-2.1.20130907/src/lvlmast.c"; sourceTree = "<group>"; };
		2A6CCFF5260171EF00D865A1 /* lvllib.h */ = {isa = PBXFileReference; fileEncoding = 4; lastKnownFileType = sourcecode.c.h; name = lvllib.h; path = "opentyrian-2.1.20130907/src/lvllib.h"; sourceTree = "<group>"; };
		2A6CCFF6260171EF00D865A1 /* opentyrian_version.h */ = {isa = PBXFileReference; fileEncoding = 4; lastKnownFileType = sourcecode.c.h; name = opentyrian_version.h; path = "opentyrian-2.1.20130907/src/opentyrian_version.h"; sourceTree = "<group>"; };
		2A6CCFF7260171EF00D865A1 /* sprite.h */ = {isa = PBXFileReference; fileEncoding = 4; lastKnownFileType = sourcecode.c.h; name = sprite.h; path = "opentyrian-2.1.20130907/src/sprite.h"; sourceTree = "<group>"; };
		2A6CCFF8260171EF00D865A1 /* shots.c */ = {isa = PBXFileReference; fileEncoding = 4; lastKnownFileType = sourcecode.c.c; name = shots.c; path = "opentyrian-2.1.20130907/src/shots.c"; sourceTree = "<group>"; };
		2A6CCFF9260171EF00D865A1 /* player.c */ = {isa = PBXFileReference; fileEncoding = 4; lastKnownFileType = sourcecode.c.c; name = player.c; path = "opentyrian-2.1.20130907/src/player.c"; sourceTree = "<group>"; };
		2A6CCFFA260171EF00D865A1 /* animlib.h */ = {isa = PBXFileReference; fileEncoding = 4; lastKnownFileType = sourcecode.c.h; name = animlib.h; path = "opentyrian-2.1.20130907/src/animlib.h"; sourceTree = "<group>"; };
		2A6CCFFB260171EF00D865A1 /* helptext.c */ = {isa = PBXFileReference; fileEncoding = 4; lastKnownFileType = sourcecode.c.c; name = helptext.c; path = "opentyrian-2.1.20130907/src/helptext.c"; sourceTree = "<group>"; };
		2A6CCFFC260171EF00D865A1 /* lvllib.c */ = {isa = PBXFileReference; fileEncoding = 4; lastKnownFileType = sourcecode.c.c; name = lvllib.c; path = "opentyrian-2.1.20130907/src/lvllib.c"; sourceTree = "<group>"; };
		2A6CCFFD260171EF00D865A1 /* musmast.c */ = {isa = PBXFileReference; fileEncoding = 4; lastKnownFileType = sourcecode.c.c; name = musmast.c; path = "opentyrian-2.1.20130907/src/musmast.c"; sourceTree = "<group>"; };
		2A6CCFFE260171EF00D865A1 /* video_scale.h */ = {isa = PBXFileReference; fileEncoding = 4; lastKnownFileType = sourcecode.c.h; name = video_scale.h; path = "opentyrian-2.1.20130907/src/video_scale.h"; sourceTree = "<group>"; };
		2A6CCFFF260171EF00D865A1 /* mtrand.h */ = {isa = PBXFileReference; fileEncoding = 4; lastKnownFileType = sourcecode.c.h; name = mtrand.h; path = "opentyrian-2.1.20130907/src/mtrand.h"; sourceTree = "<group>"; };
		2A6CD001260171EF00D865A1 /* xmas.c */ = {isa = PBXFileReference; fileEncoding = 4; lastKnownFileType = sourcecode.c.c; name = xmas.c; path = "opentyrian-2.1.20130907/src/xmas.c"; sourceTree = "<group>"; };
		2A6CD002260171EF00D865A1 /* lvlmast.h */ = {isa = PBXFileReference; fileEncoding = 4; lastKnownFileType = sourcecode.c.h; name = lvlmast.h; path = "opentyrian-2.1.20130907/src/lvlmast.h"; sourceTree = "<group>"; };
		2A6CD003260171EF00D865A1 /* destruct.h */ = {isa = PBXFileReference; fileEncoding = 4; lastKnownFileType = sourcecode.c.h; name = destruct.h; path = "opentyrian-2.1.20130907/src/destruct.h"; sourceTree = "<group>"; };
		2A6CD004260171EF00D865A1 /* pcxmast.c */ = {isa = PBXFileReference; fileEncoding = 4; lastKnownFileType = sourcecode.c.c; name = pcxmast.c; path = "opentyrian-2.1.20130907/src/pcxmast.c"; sourceTree = "<group>"; };
		2A6CD005260171EF00D865A1 /* file.c */ = {isa = PBXFileReference; fileEncoding = 4; lastKnownFileType = sourcecode.c.c; name = file.c; path = "opentyrian-2.1.20130907/src/file.c"; sourceTree = "<group>"; };
		2A6CD006260171EF00D865A1 /* destruct.c */ = {isa = PBXFileReference; fileEncoding = 4; lastKnownFileType = sourcecode.c.c; name = destruct.c; path = "opentyrian-2.1.20130907/src/destruct.c"; sourceTree = "<group>"; };
		2A6CD007260171EF00D865A1 /* sprite.c */ = {isa = PBXFileReference; fileEncoding = 4; lastKnownFileType = sourcecode.c.c; name = sprite.c; path = "opentyrian-2.1.20130907/src/sprite.c"; sourceTree = "<group>"; };
		2A6CD008260171EF00D865A1 /* helptext.h */ = {isa = PBXFileReference; fileEncoding = 4; lastKnownFileType = sourcecode.c.h; name = helptext.h; path = "opentyrian-2.1.20130907/src/helptext.h"; sourceTree = "<group>"; };
		2A6CD009260171EF00D865A1 /* varz.c */ = {isa = PBXFileReference; fileEncoding = 4; lastKnownFileType = sourcecode.c.c; name = varz.c; path = "opentyrian-2.1.20130907/src/varz.c"; sourceTree = "<group>"; };
		2A6CD00A260171EF00D865A1 /* joystick.h */ = {isa = PBXFileReference; fileEncoding = 4; lastKnownFileType = sourcecode.c.h; name = joystick.h; path = "opentyrian-2.1.20130907/src/joystick.h"; sourceTree = "<group>"; };
		2A6CD00B260171EF00D865A1 /* varz.h */ = {isa = PBXFileReference; fileEncoding = 4; lastKnownFileType = sourcecode.c.h; name = varz.h; path = "opentyrian-2.1.20130907/src/varz.h"; sourceTree = "<group>"; };
		2A6CD00C260171EF00D865A1 /* font.h */ = {isa = PBXFileReference; fileEncoding = 4; lastKnownFileType = sourcecode.c.h; name = font.h; path = "opentyrian-2.1.20130907/src/font.h"; sourceTree = "<group>"; };
		2A6CD00D260171EF00D865A1 /* network.h */ = {isa = PBXFileReference; fileEncoding = 4; lastKnownFileType = sourcecode.c.h; name = network.h; path = "opentyrian-2.1.20130907/src/network.h"; sourceTree = "<group>"; };
		2A6CD00E260171EF00D865A1 /* fonthand.c */ = {isa = PBXFileReference; fileEncoding = 4; lastKnownFileType = sourcecode.c.c; name = fonthand.c; path = "opentyrian-2.1.20130907/src/fonthand.c"; sourceTree = "<group>"; };
		2A6CD0432601742500D865A1 /* config.h */ = {isa = PBXFileReference; fileEncoding = 4; lastKnownFileType = sourcecode.c.h; name = config.h; path = src/config.h; sourceTree = "<group>"; };
		2A6CD0442601742500D865A1 /* config.c */ = {isa = PBXFileReference; fileEncoding = 4; lastKnownFileType = sourcecode.c.c; name = config.c; path = src/config.c; sourceTree = "<group>"; };
		2ACC77A826017FE50084EF71 /* Images.xcassets */ = {isa = PBXFileReference; lastKnownFileType = folder.assetcatalog; name = Images.xcassets; path = OpenTyrian/Images.xcassets; sourceTree = "<group>"; };
		2ACC77AA260180980084EF71 /* data */ = {isa = PBXFileReference; lastKnownFileType = folder; name = data; path = ../src/data; sourceTree = "<group>"; };
		8D1107310486CEB800E47090 /* Info.plist */ = {isa = PBXFileReference; fileEncoding = 4; lastKnownFileType = text.plist; path = Info.plist; sourceTree = "<group>"; };
		8D1107320486CEB800E47090 /* OpenTyrian.app */ = {isa = PBXFileReference; explicitFileType = wrapper.application; includeInIndex = 0; path = OpenTyrian.app; sourceTree = BUILT_PRODUCTS_DIR; };
		A4EDD15C0CBB6FFB008AEAEB /* tyrian.icns */ = {isa = PBXFileReference; lastKnownFileType = image.icns; path = tyrian.icns; sourceTree = "<group>"; };
/* End PBXFileReference section */

/* Begin PBXFrameworksBuildPhase section */
		8D11072E0486CEB800E47090 /* Frameworks */ = {
			isa = PBXFrameworksBuildPhase;
			buildActionMask = 2147483647;
			files = (
				2ACC77A226017E3A0084EF71 /* SDL2.framework in Frameworks */,
				8D11072F0486CEB800E47090 /* Cocoa.framework in Frameworks */,
				2ACC77A426017E3C0084EF71 /* SDL2_net.framework in Frameworks */,
			);
			runOnlyForDeploymentPostprocessing = 0;
		};
/* End PBXFrameworksBuildPhase section */

/* Begin PBXGroup section */
		080E96DDFE201D6D7F000001 /* Mac-specific Files */ = {
			isa = PBXGroup;
			children = (
			);
			name = "Mac-specific Files";
			path = ..;
			sourceTree = SOURCE_ROOT;
		};
		1058C7A0FEA54F0111CA2CBB /* Linked Frameworks */ = {
			isa = PBXGroup;
			children = (
				2A6CCF0626016D4B00D865A1 /* SDL2_net.framework */,
				2A6CCF0726016D4C00D865A1 /* SDL2.framework */,
				1058C7A1FEA54F0111CA2CBB /* Cocoa.framework */,
			);
			name = "Linked Frameworks";
			sourceTree = "<group>";
		};
		1058C7A2FEA54F0111CA2CBB /* Other Frameworks */ = {
			isa = PBXGroup;
			children = (
				29B97324FDCFA39411CA2CEA /* AppKit.framework */,
				13E42FB307B3F0F600E4EEF1 /* CoreData.framework */,
				29B97325FDCFA39411CA2CEA /* Foundation.framework */,
			);
			name = "Other Frameworks";
			sourceTree = "<group>";
		};
		19C28FACFE9D520D11CA2CBB /* Products */ = {
			isa = PBXGroup;
			children = (
				8D1107320486CEB800E47090 /* OpenTyrian.app */,
			);
			name = Products;
			sourceTree = "<group>";
		};
		29B97314FDCFA39411CA2CEA /* OpenTyrian */ = {
			isa = PBXGroup;
			children = (
				080E96DDFE201D6D7F000001 /* Mac-specific Files */,
				A43848C10CC5AE570007FEE0 /* Mac-specific Modifications */,
				A43848060CC5ABF70007FEE0 /* Untouched opentyrian Files */,
				29B97317FDCFA39411CA2CEA /* Resources */,
				29B97323FDCFA39411CA2CEA /* Frameworks */,
				19C28FACFE9D520D11CA2CBB /* Products */,
			);
			name = OpenTyrian;
			sourceTree = "<group>";
		};
		29B97317FDCFA39411CA2CEA /* Resources */ = {
			isa = PBXGroup;
			children = (
				2ACC77AA260180980084EF71 /* data */,
				2ACC77A826017FE50084EF71 /* Images.xcassets */,
				A4EDD15C0CBB6FFB008AEAEB /* tyrian.icns */,
				A4CBD5C90CBB687900048D9F /* MainMenu.nib */,
				8D1107310486CEB800E47090 /* Info.plist */,
			);
			name = Resources;
			sourceTree = "<group>";
		};
		29B97323FDCFA39411CA2CEA /* Frameworks */ = {
			isa = PBXGroup;
			children = (
				1058C7A0FEA54F0111CA2CBB /* Linked Frameworks */,
				1058C7A2FEA54F0111CA2CBB /* Other Frameworks */,
			);
			name = Frameworks;
			sourceTree = "<group>";
		};
		A43848060CC5ABF70007FEE0 /* Untouched opentyrian Files */ = {
			isa = PBXGroup;
			children = (
				2A6CCFCB260171EA00D865A1 /* animlib.c */,
				2A6CCFFA260171EF00D865A1 /* animlib.h */,
				2A6CCFBA260171EA00D865A1 /* arg_parse.c */,
				2A6CCFC4260171EA00D865A1 /* arg_parse.h */,
				2A6CCFD4260171EB00D865A1 /* backgrnd.c */,
				2A6CCFD2260171EB00D865A1 /* backgrnd.h */,
				2A6CCFC3260171EA00D865A1 /* config_file.c */,
				2A6CCFED260171EE00D865A1 /* config_file.h */,
				2A6CD006260171EF00D865A1 /* destruct.c */,
				2A6CD003260171EF00D865A1 /* destruct.h */,
				2A6CCFC7260171EA00D865A1 /* editship.c */,
				2A6CCFD5260171EB00D865A1 /* editship.h */,
				2A6CCFB7260171E900D865A1 /* episodes.c */,
				2A6CCFA8260171E900D865A1 /* episodes.h */,
				2A6CD005260171EF00D865A1 /* file.c */,
				2A6CCFDE260171EC00D865A1 /* file.h */,
				2A6CCFA9260171E900D865A1 /* font.c */,
				2A6CD00C260171EF00D865A1 /* font.h */,
				2A6CD00E260171EF00D865A1 /* fonthand.c */,
				2A6CCFDF260171EC00D865A1 /* fonthand.h */,
				2A6CCFB8260171E900D865A1 /* game_menu.c */,
				2A6CCFBF260171EA00D865A1 /* game_menu.h */,
				2A6CCFFB260171EF00D865A1 /* helptext.c */,
				2A6CD008260171EF00D865A1 /* helptext.h */,
				2A6CCFEF260171EE00D865A1 /* joystick.c */,
				2A6CD00A260171EF00D865A1 /* joystick.h */,
				2A6CCFAE260171E900D865A1 /* jukebox.c */,
				2A6CCFD6260171EB00D865A1 /* jukebox.h */,
				2A6CCFAC260171E900D865A1 /* keyboard.c */,
				2A6CCFD0260171EB00D865A1 /* keyboard.h */,
				2A6CCFEA260171EE00D865A1 /* lds_play.c */,
				2A6CCFEC260171EE00D865A1 /* lds_play.h */,
				2A6CCFE0260171EC00D865A1 /* loudness.c */,
				2A6CCFD7260171EB00D865A1 /* loudness.h */,
				2A6CCFFC260171EF00D865A1 /* lvllib.c */,
				2A6CCFF5260171EF00D865A1 /* lvllib.h */,
				2A6CCFF4260171EF00D865A1 /* lvlmast.c */,
				2A6CD002260171EF00D865A1 /* lvlmast.h */,
				2A6CCFD9260171EB00D865A1 /* mainint.c */,
				2A6CCFCE260171EB00D865A1 /* mainint.h */,
				2A6CCFCC260171EA00D865A1 /* menus.c */,
				2A6CCFD1260171EB00D865A1 /* menus.h */,
				2A6CCFBB260171EA00D865A1 /* mouse.c */,
				2A6CCFCD260171EB00D865A1 /* mouse.h */,
				2A6CCFB5260171E900D865A1 /* mtrand.c */,
				2A6CCFFF260171EF00D865A1 /* mtrand.h */,
				2A6CCFFD260171EF00D865A1 /* musmast.c */,
				2A6CCFE3260171EC00D865A1 /* musmast.h */,
				2A6CCFC0260171EA00D865A1 /* network.c */,
				2A6CD00D260171EF00D865A1 /* network.h */,
				2A6CCFBD260171EA00D865A1 /* nortsong.c */,
				2A6CCFCF260171EB00D865A1 /* nortsong.h */,
				2A6CCFDA260171EB00D865A1 /* nortvars.c */,
				2A6CCFD8260171EB00D865A1 /* nortvars.h */,
				2A6CCFBC260171EA00D865A1 /* opentyr.c */,
				2A6CCFAF260171E900D865A1 /* opentyr.h */,
				2A6CCFF6260171EF00D865A1 /* opentyrian_version.h */,
				2A6CCFC2260171EA00D865A1 /* opl.c */,
				2A6CCFF2260171EE00D865A1 /* opl.h */,
				2A6CCFE4260171EC00D865A1 /* palette.c */,
				2A6CCFEB260171EE00D865A1 /* palette.h */,
				2A6CCFC8260171EA00D865A1 /* params.c */,
				2A6CCFF1260171EE00D865A1 /* params.h */,
				2A6CCFDD260171EC00D865A1 /* pcxload.c */,
				2A6CCFE1260171EC00D865A1 /* pcxload.h */,
				2A6CD004260171EF00D865A1 /* pcxmast.c */,
				2A6CCFE2260171EC00D865A1 /* pcxmast.h */,
				2A6CCFB0260171E900D865A1 /* picload.c */,
				2A6CCFB4260171E900D865A1 /* picload.h */,
				2A6CCFF9260171EF00D865A1 /* player.c */,
				2A6CCFBE260171EA00D865A1 /* player.h */,
				2A6CCFAA260171E900D865A1 /* scroller.c */,
				2A6CCFB3260171E900D865A1 /* scroller.h */,
				2A6CCFCA260171EA00D865A1 /* setup.c */,
				2A6CCFC6260171EA00D865A1 /* setup.h */,
				2A6CCFF8260171EF00D865A1 /* shots.c */,
				2A6CCFC9260171EA00D865A1 /* shots.h */,
				2A6CCFDC260171EB00D865A1 /* sizebuf.c */,
				2A6CCFAD260171E900D865A1 /* sizebuf.h */,
				2A6CCFB6260171E900D865A1 /* sndmast.c */,
				2A6CCFC1260171EA00D865A1 /* sndmast.h */,
				2A6CD007260171EF00D865A1 /* sprite.c */,
				2A6CCFF7260171EF00D865A1 /* sprite.h */,
				2A6CCFDB260171EB00D865A1 /* starlib.c */,
				2A6CCFAB260171E900D865A1 /* starlib.h */,
				2A6CCFB9260171EA00D865A1 /* std_support.c */,
				2A6CCFB2260171E900D865A1 /* std_support.h */,
				2A6CCFF3260171EF00D865A1 /* tyrian2.c */,
				2A6CCFE5260171EC00D865A1 /* tyrian2.h */,
				2A6CD009260171EF00D865A1 /* varz.c */,
				2A6CD00B260171EF00D865A1 /* varz.h */,
				2A6CCFF0260171EE00D865A1 /* vga_palette.c */,
				2A6CCFB1260171E900D865A1 /* vga_palette.h */,
				2A6CCFE7260171EC00D865A1 /* vga256d.c */,
				2A6CCFD3260171EB00D865A1 /* vga256d.h */,
				2A6CCFE8260171EC00D865A1 /* video_scale_hqNx.c */,
				2A6CCFEE260171EE00D865A1 /* video_scale.c */,
				2A6CCFFE260171EF00D865A1 /* video_scale.h */,
				2A6CCFC5260171EA00D865A1 /* video.c */,
				2A6CCFE6260171EC00D865A1 /* video.h */,
				2A6CD001260171EF00D865A1 /* xmas.c */,
				2A6CCFE9260171EC00D865A1 /* xmas.h */,
			);
			name = "Untouched opentyrian Files";
			path = ../..;
			sourceTree = SOURCE_ROOT;
		};
		A43848C10CC5AE570007FEE0 /* Mac-specific Modifications */ = {
			isa = PBXGroup;
			children = (
				2A6CD0442601742500D865A1 /* config.c */,
				2A6CD0432601742500D865A1 /* config.h */,
			);
			name = "Mac-specific Modifications";
			path = ..;
			sourceTree = "<group>";
		};
/* End PBXGroup section */

/* Begin PBXNativeTarget section */
		8D1107260486CEB800E47090 /* OpenTyrian */ = {
			isa = PBXNativeTarget;
			buildConfigurationList = C01FCF4A08A954540054247B /* Build configuration list for PBXNativeTarget "OpenTyrian" */;
			buildPhases = (
				8D1107290486CEB800E47090 /* Resources */,
				8D11072C0486CEB800E47090 /* Sources */,
				8D11072E0486CEB800E47090 /* Frameworks */,
				435DAAF90E14146300711E27 /* CopyFiles */,
			);
			buildRules = (
			);
			dependencies = (
			);
			name = OpenTyrian;
			productInstallPath = "$(HOME)/Applications";
			productName = OpenTyrian;
			productReference = 8D1107320486CEB800E47090 /* OpenTyrian.app */;
			productType = "com.apple.product-type.application";
		};
/* End PBXNativeTarget section */

/* Begin PBXProject section */
		29B97313FDCFA39411CA2CEA /* Project object */ = {
			isa = PBXProject;
			attributes = {
				LastUpgradeCheck = 1240;
			};
			buildConfigurationList = C01FCF4E08A954540054247B /* Build configuration list for PBXProject "OpenTyrian" */;
			compatibilityVersion = "Xcode 2.4";
			developmentRegion = en;
			hasScannedForEncodings = 1;
			knownRegions = (
				en,
				Base,
			);
			mainGroup = 29B97314FDCFA39411CA2CEA /* OpenTyrian */;
			projectDirPath = "";
			projectRoot = "";
			targets = (
				8D1107260486CEB800E47090 /* OpenTyrian */,
			);
		};
/* End PBXProject section */

/* Begin PBXResourcesBuildPhase section */
		8D1107290486CEB800E47090 /* Resources */ = {
			isa = PBXResourcesBuildPhase;
			buildActionMask = 2147483647;
			files = (
				2ACC77A926017FE50084EF71 /* Images.xcassets in Resources */,
				A4EDD15D0CBB6FFB008AEAEB /* tyrian.icns in Resources */,
				2ACC77AB260180980084EF71 /* data in Resources */,
				A48DFB580CD6C27C0026AE59 /* MainMenu.nib in Resources */,
			);
			runOnlyForDeploymentPostprocessing = 0;
		};
/* End PBXResourcesBuildPhase section */

/* Begin PBXSourcesBuildPhase section */
		8D11072C0486CEB800E47090 /* Sources */ = {
			isa = PBXSourcesBuildPhase;
			buildActionMask = 2147483647;
			files = (
				2A6CD025260171EF00D865A1 /* menus.c in Sources */,
				2A6CD011260171EF00D865A1 /* keyboard.c in Sources */,
				2A6CD03C260171EF00D865A1 /* xmas.c in Sources */,
				2A6CD03A260171EF00D865A1 /* musmast.c in Sources */,
				2A6CD01F260171EF00D865A1 /* config_file.c in Sources */,
				2A6CD01C260171EF00D865A1 /* nortsong.c in Sources */,
				2A6CD01B260171EF00D865A1 /* opentyr.c in Sources */,
				2A6CD036260171EF00D865A1 /* shots.c in Sources */,
				2A6CD041260171EF00D865A1 /* varz.c in Sources */,
				2A6CD035260171EF00D865A1 /* lvlmast.c in Sources */,
				2A6CD016260171EF00D865A1 /* episodes.c in Sources */,
				2A6CD0452601742500D865A1 /* config.c in Sources */,
				2A6CD01D260171EF00D865A1 /* network.c in Sources */,
				2A6CD01A260171EF00D865A1 /* mouse.c in Sources */,
				2A6CD01E260171EF00D865A1 /* opl.c in Sources */,
				2A6CD02D260171EF00D865A1 /* palette.c in Sources */,
				2A6CD02E260171EF00D865A1 /* vga256d.c in Sources */,
				2A6CD020260171EF00D865A1 /* video.c in Sources */,
				2A6CD032260171EF00D865A1 /* joystick.c in Sources */,
				2A6CD021260171EF00D865A1 /* editship.c in Sources */,
				2A6CD02B260171EF00D865A1 /* pcxload.c in Sources */,
				2A6CD010260171EF00D865A1 /* scroller.c in Sources */,
				2A6CD013260171EF00D865A1 /* picload.c in Sources */,
				2A6CD028260171EF00D865A1 /* nortvars.c in Sources */,
				2A6CD030260171EF00D865A1 /* lds_play.c in Sources */,
				2A6CD03F260171EF00D865A1 /* destruct.c in Sources */,
				2A6CD03E260171EF00D865A1 /* file.c in Sources */,
				2A6CD02C260171EF00D865A1 /* loudness.c in Sources */,
				2A6CD034260171EF00D865A1 /* tyrian2.c in Sources */,
				2A6CD019260171EF00D865A1 /* arg_parse.c in Sources */,
				2A6CD031260171EF00D865A1 /* video_scale.c in Sources */,
				2A6CD023260171EF00D865A1 /* setup.c in Sources */,
				2A6CD039260171EF00D865A1 /* lvllib.c in Sources */,
				2A6CD017260171EF00D865A1 /* game_menu.c in Sources */,
				2A6CD014260171EF00D865A1 /* mtrand.c in Sources */,
				2A6CD037260171EF00D865A1 /* player.c in Sources */,
				2A6CD040260171EF00D865A1 /* sprite.c in Sources */,
				2A6CD015260171EF00D865A1 /* sndmast.c in Sources */,
				2A6CD03D260171EF00D865A1 /* pcxmast.c in Sources */,
				2A6CD033260171EF00D865A1 /* vga_palette.c in Sources */,
				2A6CD024260171EF00D865A1 /* animlib.c in Sources */,
				2A6CD038260171EF00D865A1 /* helptext.c in Sources */,
				2A6CD026260171EF00D865A1 /* backgrnd.c in Sources */,
				2A6CD02A260171EF00D865A1 /* sizebuf.c in Sources */,
				2A6CD012260171EF00D865A1 /* jukebox.c in Sources */,
				2A6CD02F260171EF00D865A1 /* video_scale_hqNx.c in Sources */,
				2A6CD042260171EF00D865A1 /* fonthand.c in Sources */,
				2A6CD018260171EF00D865A1 /* std_support.c in Sources */,
				2A6CD027260171EF00D865A1 /* mainint.c in Sources */,
				2A6CD00F260171EF00D865A1 /* font.c in Sources */,
				2A6CD022260171EF00D865A1 /* params.c in Sources */,
				2A6CD029260171EF00D865A1 /* starlib.c in Sources */,
			);
			runOnlyForDeploymentPostprocessing = 0;
		};
/* End PBXSourcesBuildPhase section */

/* Begin PBXVariantGroup section */
		A4CBD5C90CBB687900048D9F /* MainMenu.nib */ = {
			isa = PBXVariantGroup;
			children = (
				2A6CCFA72601708900D865A1 /* en */,
			);
			name = MainMenu.nib;
			sourceTree = "<group>";
		};
/* End PBXVariantGroup section */

/* Begin XCBuildConfiguration section */
		C01FCF4B08A954540054247B /* Debug */ = {
			isa = XCBuildConfiguration;
			buildSettings = {
				ASSETCATALOG_COMPILER_APPICON_NAME = AppIcon;
				CLANG_ENABLE_OBJC_ARC = YES;
				CLANG_ENABLE_OBJC_WEAK = YES;
				CODE_SIGN_IDENTITY = "-";
				COPY_PHASE_STRIP = NO;
				FRAMEWORK_SEARCH_PATHS = (
					"$(inherited)",
					.,
					"$(LOCAL_LIBRARY_DIR)/Frameworks",
				);
				GCC_DEBUGGING_SYMBOLS = full;
				GCC_DYNAMIC_NO_PIC = NO;
				GCC_OPTIMIZATION_LEVEL = 0;
				INFOPLIST_FILE = Info.plist;
				LD_RUNPATH_SEARCH_PATHS = "$(inherited) @executable_path/../Frameworks";
				OTHER_CFLAGS = "-DSCALE2X";
				PRODUCT_BUNDLE_IDENTIFIER = com.opentyrian.OpenTyrian;
				PRODUCT_NAME = OpenTyrian;
				SDL_FRAMEWORK = /Library/Frameworks/SDL.framework;
				SDL_NET_FRAMEWORK = /Library/Frameworks/SDL_net.framework;
				USER_HEADER_SEARCH_PATHS = "$(SDL_FRAMEWORK)/Headers $(SDL_NET_FRAMEWORK)/Headers";
				WRAPPER_EXTENSION = app;
				ZERO_LINK = YES;
			};
			name = Debug;
		};
		C01FCF4C08A954540054247B /* Release */ = {
			isa = XCBuildConfiguration;
			buildSettings = {
				ARCHS = "$(ARCHS_STANDARD)";
				ASSETCATALOG_COMPILER_APPICON_NAME = AppIcon;
				CLANG_ENABLE_OBJC_ARC = YES;
				CLANG_ENABLE_OBJC_WEAK = YES;
				CODE_SIGN_IDENTITY = "-";
				FRAMEWORK_SEARCH_PATHS = (
					"$(inherited)",
					.,
					"$(LOCAL_LIBRARY_DIR)/Frameworks",
				);
				GCC_DYNAMIC_NO_PIC = YES;
				GCC_GENERATE_DEBUGGING_SYMBOLS = NO;
				INFOPLIST_FILE = Info.plist;
				LD_RUNPATH_SEARCH_PATHS = "$(inherited) @executable_path/../Frameworks";
				PRODUCT_BUNDLE_IDENTIFIER = com.opentyrian.OpenTyrian;
				PRODUCT_NAME = OpenTyrian;
				SDL_FRAMEWORK = /Library/Frameworks/SDL.framework;
				SDL_NET_FRAMEWORK = /Library/Frameworks/SDL_net.framework;
				USER_HEADER_SEARCH_PATHS = "$(SDL_FRAMEWORK)/Headers $(SDL_NET_FRAMEWORK)/Headers";
				WRAPPER_EXTENSION = app;
			};
			name = Release;
		};
		C01FCF4F08A954540054247B /* Debug */ = {
			isa = XCBuildConfiguration;
			buildSettings = {
				CLANG_ANALYZER_LOCALIZABILITY_NONLOCALIZED = YES;
				CLANG_CXX_LANGUAGE_STANDARD = "c++17";
				CLANG_WARN_BLOCK_CAPTURE_AUTORELEASING = YES;
				CLANG_WARN_BOOL_CONVERSION = YES;
				CLANG_WARN_COMMA = YES;
				CLANG_WARN_CONSTANT_CONVERSION = YES;
				CLANG_WARN_DEPRECATED_OBJC_IMPLEMENTATIONS = YES;
				CLANG_WARN_EMPTY_BODY = YES;
				CLANG_WARN_ENUM_CONVERSION = YES;
				CLANG_WARN_INFINITE_RECURSION = YES;
				CLANG_WARN_INT_CONVERSION = YES;
				CLANG_WARN_NON_LITERAL_NULL_CONVERSION = YES;
				CLANG_WARN_OBJC_IMPLICIT_RETAIN_SELF = YES;
				CLANG_WARN_OBJC_LITERAL_CONVERSION = YES;
				CLANG_WARN_QUOTED_INCLUDE_IN_FRAMEWORK_HEADER = YES;
				CLANG_WARN_RANGE_LOOP_ANALYSIS = YES;
				CLANG_WARN_STRICT_PROTOTYPES = YES;
				CLANG_WARN_SUSPICIOUS_MOVE = YES;
				CLANG_WARN_UNREACHABLE_CODE = YES;
				CLANG_WARN__DUPLICATE_METHOD_MATCH = YES;
				ENABLE_STRICT_OBJC_MSGSEND = YES;
				ENABLE_TESTABILITY = YES;
				GCC_C_LANGUAGE_STANDARD = c11;
				GCC_NO_COMMON_BLOCKS = YES;
				GCC_PREPROCESSOR_DEFINITIONS = (
					"$(GCC_PREPROCESSOR_DEFINITIONS_QUOTED_FOR_PROJECT_1)",
					TARGET_MACOSX,
				);
				GCC_PREPROCESSOR_DEFINITIONS_QUOTED_FOR_PROJECT_1 = "SVN_REV=\\\"$(SVN_REVISION)\\\"";
				GCC_WARN_64_TO_32_BIT_CONVERSION = YES;
				GCC_WARN_ABOUT_RETURN_TYPE = YES;
				GCC_WARN_UNDECLARED_SELECTOR = YES;
				GCC_WARN_UNINITIALIZED_AUTOS = YES;
				GCC_WARN_UNUSED_FUNCTION = YES;
				GCC_WARN_UNUSED_VARIABLE = YES;
				ONLY_ACTIVE_ARCH = YES;
				SDKROOT = macosx;
				SVN_REVISION = 774;
				VALID_ARCHS = x86_64;
				VERSION = 1.1;
			};
			name = Debug;
		};
		C01FCF5008A954540054247B /* Release */ = {
			isa = XCBuildConfiguration;
			buildSettings = {
				CLANG_ANALYZER_LOCALIZABILITY_NONLOCALIZED = YES;
				CLANG_CXX_LANGUAGE_STANDARD = "c++17";
				CLANG_WARN_BLOCK_CAPTURE_AUTORELEASING = YES;
				CLANG_WARN_BOOL_CONVERSION = YES;
				CLANG_WARN_COMMA = YES;
				CLANG_WARN_CONSTANT_CONVERSION = YES;
				CLANG_WARN_DEPRECATED_OBJC_IMPLEMENTATIONS = YES;
				CLANG_WARN_EMPTY_BODY = YES;
				CLANG_WARN_ENUM_CONVERSION = YES;
				CLANG_WARN_INFINITE_RECURSION = YES;
				CLANG_WARN_INT_CONVERSION = YES;
				CLANG_WARN_NON_LITERAL_NULL_CONVERSION = YES;
				CLANG_WARN_OBJC_IMPLICIT_RETAIN_SELF = YES;
				CLANG_WARN_OBJC_LITERAL_CONVERSION = YES;
				CLANG_WARN_QUOTED_INCLUDE_IN_FRAMEWORK_HEADER = YES;
				CLANG_WARN_RANGE_LOOP_ANALYSIS = YES;
				CLANG_WARN_STRICT_PROTOTYPES = YES;
				CLANG_WARN_SUSPICIOUS_MOVE = YES;
				CLANG_WARN_UNREACHABLE_CODE = YES;
				CLANG_WARN__DUPLICATE_METHOD_MATCH = YES;
				ENABLE_STRICT_OBJC_MSGSEND = YES;
				GCC_C_LANGUAGE_STANDARD = c11;
				GCC_NO_COMMON_BLOCKS = YES;
				GCC_PREPROCESSOR_DEFINITIONS = (
					"$(GCC_PREPROCESSOR_DEFINITIONS_QUOTED_FOR_PROJECT_1)",
					TARGET_MACOSX,
					NDEBUG,
				);
				GCC_PREPROCESSOR_DEFINITIONS_QUOTED_FOR_PROJECT_1 = "SVN_REV=\\\"$(SVN_REVISION)\\\"";
				GCC_WARN_64_TO_32_BIT_CONVERSION = YES;
				GCC_WARN_ABOUT_RETURN_TYPE = YES;
				GCC_WARN_UNDECLARED_SELECTOR = YES;
				GCC_WARN_UNINITIALIZED_AUTOS = YES;
				GCC_WARN_UNUSED_FUNCTION = YES;
				GCC_WARN_UNUSED_VARIABLE = YES;
				SDKROOT = macosx;
				SVN_REVISION = 774;
				VALID_ARCHS = x86_64;
				VERSION = 1.1;
			};
			name = Release;
		};
/* End XCBuildConfiguration section */

/* Begin XCConfigurationList section */
		C01FCF4A08A954540054247B /* Build configuration list for PBXNativeTarget "OpenTyrian" */ = {
			isa = XCConfigurationList;
			buildConfigurations = (
				C01FCF4B08A954540054247B /* Debug */,
				C01FCF4C08A954540054247B /* Release */,
			);
			defaultConfigurationIsVisible = 0;
			defaultConfigurationName = Release;
		};
		C01FCF4E08A954540054247B /* Build configuration list for PBXProject "OpenTyrian" */ = {
			isa = XCConfigurationList;
			buildConfigurations = (
				C01FCF4F08A954540054247B /* Debug */,
				C01FCF5008A954540054247B /* Release */,
			);
			defaultConfigurationIsVisible = 0;
			defaultConfigurationName = Release;
		};
/* End XCConfigurationList section */
	};
	rootObject = 29B97313FDCFA39411CA2CEA /* Project object */;
}
